# @generated by Move, please check-in and do not edit manually.

[move]
version = 3
manifest_digest = "3EFB140207161EC7A76DF066C23D84EBFCEFA0E1E34E4586B19E3564479713BF"
deps_digest = "F8BBB0CCB2491CA29A3DF03D6F92277A4F3574266507ACD77214D37ECA3F3082"
dependencies = [
  { id = "Sui", name = "Sui" },
]

[[move.package]]
id = "MoveStdlib"
source = { git = "https://github.com/MystenLabs/sui.git", rev = "devnet", subdir = "crates/sui-framework/packages/move-stdlib" }

[[move.package]]
id = "Sui"
source = { git = "https://github.com/MystenLabs/sui.git", rev = "devnet", subdir = "crates/sui-framework/packages/sui-framework" }

dependencies = [
  { id = "MoveStdlib", name = "MoveStdlib" },
]

[move.toolchain-version]
compiler-version = "1.58.1"
edition = "2024.beta"
flavor = "sui"

[env]

[env.testnet]
chain-id = "4c78adac"
original-published-id = "0x36c6eb54450638131a23e198899c5d11870ce7310cff52b3490eeaf3d5f9fe40"
latest-published-id = "0x36c6eb54450638131a23e198899c5d11870ce7310cff52b3490eeaf3d5f9fe40"
published-version = "1"
