# @generated by Move, please check-in and do not edit manually.

[move]
version = 3
manifest_digest = "3EFB140207161EC7A76DF066C23D84EBFCEFA0E1E34E4586B19E3564479713BF"
deps_digest = "F8BBB0CCB2491CA29A3DF03D6F92277A4F3574266507ACD77214D37ECA3F3082"
dependencies = [
  { id = "Sui", name = "Sui" },
]

[[move.package]]
id = "MoveStdlib"
source = { git = "https://github.com/MystenLabs/sui.git", rev = "devnet", subdir = "crates/sui-framework/packages/move-stdlib" }

[[move.package]]
id = "Sui"
source = { git = "https://github.com/MystenLabs/sui.git", rev = "devnet", subdir = "crates/sui-framework/packages/sui-framework" }

dependencies = [
  { id = "MoveStdlib", name = "MoveStdlib" },
]

[move.toolchain-version]
compiler-version = "1.56.2"
edition = "2024.beta"
flavor = "sui"

[env]

[env.testnet]
chain-id = "4c78adac"
original-published-id = "0x06cc2cb5feb8582c42f2ce3d06dad0010c7e0d87bada87d177f3bbb1e882c03d"
latest-published-id = "0x06cc2cb5feb8582c42f2ce3d06dad0010c7e0d87bada87d177f3bbb1e882c03d"
published-version = "1"
