# @generated by Move, please check-in and do not edit manually.

[move]
version = 3
manifest_digest = "019E67DB3513A531EF54FFD73DA5C252960FC10BE914670F0C4A19C175D54843"
deps_digest = "F8BBB0CCB2491CA29A3DF03D6F92277A4F3574266507ACD77214D37ECA3F3082"
dependencies = [
  { id = "Sui", name = "Sui" },
]

[[move.package]]
id = "MoveStdlib"
source = { git = "https://github.com/MystenLabs/sui.git", rev = "devnet", subdir = "crates/sui-framework/packages/move-stdlib" }

[[move.package]]
id = "Sui"
source = { git = "https://github.com/MystenLabs/sui.git", rev = "devnet", subdir = "crates/sui-framework/packages/sui-framework" }

dependencies = [
  { id = "MoveStdlib", name = "MoveStdlib" },
]

[move.toolchain-version]
compiler-version = "1.56.2"
edition = "2024.beta"
flavor = "sui"

[env]

[env.testnet]
chain-id = "4c78adac"
original-published-id = "0x5cb1de70767a8800f0bbc03d643453e531f7820a1b3be0bf5747cf39242f4ed4"
latest-published-id = "0x5cb1de70767a8800f0bbc03d643453e531f7820a1b3be0bf5747cf39242f4ed4"
published-version = "1"
