# @generated by Move, please check-in and do not edit manually.

[move]
version = 3
manifest_digest = "838B29744416D52EDF98D2AD470AAC7B2F486BD1AE6F999045E0FACC50BD151A"
deps_digest = "F8BBB0CCB2491CA29A3DF03D6F92277A4F3574266507ACD77214D37ECA3F3082"
dependencies = [
  { id = "Sui", name = "Sui" },
]

[[move.package]]
id = "MoveStdlib"
source = { git = "https://github.com/MystenLabs/sui.git", rev = "devnet", subdir = "crates/sui-framework/packages/move-stdlib" }

[[move.package]]
id = "Sui"
source = { git = "https://github.com/MystenLabs/sui.git", rev = "devnet", subdir = "crates/sui-framework/packages/sui-framework" }

dependencies = [
  { id = "MoveStdlib", name = "MoveStdlib" },
]

[move.toolchain-version]
compiler-version = "1.57.0"
edition = "2024.beta"
flavor = "sui"

[env]

[env.testnet]
chain-id = "4c78adac"
original-published-id = "0x84a96fd02b8bbe9050fe9204cae17acd118286fcb9cda805e805f37549cf9472"
latest-published-id = "0x84a96fd02b8bbe9050fe9204cae17acd118286fcb9cda805e805f37549cf9472"
published-version = "1"
